
Microsoft Visual Studio Solution File, Format Version 12.00
# Visual Studio Version 16
VisualStudioVersion = 16.0.30320.27
MinimumVisualStudioVersion = 10.0.40219.1
Project("{FAE04EC0-301F-11D3-BF4B-00C04F79EFBC}") = "TeknikSimpleServer", "TeknikSimpleServer\TeknikSimpleServer.csproj", "{77A696A7-007E-4BB2-843B-80D86E5C277F}"
EndProject
Project("{FAE04EC0-301F-11D3-BF4B-00C04F79EFBC}") = "EchoClient", "EchoClient\EchoClient.csproj", "{3BED1897-818A-4991-90F5-BF8B69FCD038}"
EndProject
Global
	GlobalSection(SolutionConfigurationPlatforms) = preSolution
		Debug|Any CPU = Debug|Any CPU
		Release|Any CPU = Release|Any CPU
	EndGlobalSection
	GlobalSection(ProjectConfigurationPlatforms) = postSolution
		{77A696A7-007E-4BB2-843B-80D86E5C277F}.Debug|Any CPU.ActiveCfg = Debug|Any CPU
		{77A696A7-007E-4BB2-843B-80D86E5C277F}.Debug|Any CPU.Build.0 = Debug|Any CPU
		{77A696A7-007E-4BB2-843B-80D86E5C277F}.Release|Any CPU.ActiveCfg = Release|Any CPU
		{77A696A7-007E-4BB2-843B-80D86E5C277F}.Release|Any CPU.Build.0 = Release|Any CPU
		{3BED1897-818A-4991-90F5-BF8B69FCD038}.Debug|Any CPU.ActiveCfg = Debug|Any CPU
		{3BED1897-818A-4991-90F5-BF8B69FCD038}.Debug|Any CPU.Build.0 = Debug|Any CPU
		{3BED1897-818A-4991-90F5-BF8B69FCD038}.Release|Any CPU.ActiveCfg = Release|Any CPU
		{3BED1897-818A-4991-90F5-BF8B69FCD038}.Release|Any CPU.Build.0 = Release|Any CPU
	EndGlobalSection
	GlobalSection(SolutionProperties) = preSolution
		HideSolutionNode = FALSE
	EndGlobalSection
	GlobalSection(ExtensibilityGlobals) = postSolution
		SolutionGuid = {605AA9B9-31A3-43DD-B793-20B59D0B5D8D}
	EndGlobalSection
EndGlobal
